// !$*UTF8*$!
{
	archiveVersion = 1;
	classes = {
	};
	objectVersion = 50;
	objects = {

/* Begin PBXBuildFile section */
		5C95CADE25906827008B34BB /* AppDelegate.swift in Sources */ = {isa = PBXBuildFile; fileRef = 5C95CADD25906827008B34BB /* AppDelegate.swift */; };
		5C95CAE025906827008B34BB /* SceneDelegate.swift in Sources */ = {isa = PBXBuildFile; fileRef = 5C95CADF25906827008B34BB /* SceneDelegate.swift */; };
		5C95CAE525906827008B34BB /* Main.storyboard in Resources */ = {isa = PBXBuildFile; fileRef = 5C95CAE325906827008B34BB /* Main.storyboard */; };
		5C95CAE725906829008B34BB /* Assets.xcassets in Resources */ = {isa = PBXBuildFile; fileRef = 5C95CAE625906829008B34BB /* Assets.xcassets */; };
		5C95CAEA25906829008B34BB /* LaunchScreen.storyboard in Resources */ = {isa = PBXBuildFile; fileRef = 5C95CAE825906829008B34BB /* LaunchScreen.storyboard */; };
		5C95CAF425906A81008B34BB /* ReservationsViewController.swift in Sources */ = {isa = PBXBuildFile; fileRef = 5C95CAF325906A81008B34BB /* ReservationsViewController.swift */; };
		5C95CAF725906A90008B34BB /* AccountViewController.swift in Sources */ = {isa = PBXBuildFile; fileRef = 5C95CAF625906A90008B34BB /* AccountViewController.swift */; };
		5C95CAFA25906AA7008B34BB /* SearchViewController.swift in Sources */ = {isa = PBXBuildFile; fileRef = 5C95CAF925906AA7008B34BB /* SearchViewController.swift */; };
		5C95CAFF259074BA008B34BB /* Property.swift in Sources */ = {isa = PBXBuildFile; fileRef = 5C95CAFE259074BA008B34BB /* Property.swift */; };
		5C95CB02259077F5008B34BB /* PropertyCell.swift in Sources */ = {isa = PBXBuildFile; fileRef = 5C95CB01259077F5008B34BB /* PropertyCell.swift */; };
		5C95CB0525908583008B34BB /* UIImageView+Load.swift in Sources */ = {isa = PBXBuildFile; fileRef = 5C95CB0425908583008B34BB /* UIImageView+Load.swift */; };
		5C95CB0C2590890D008B34BB /* Amenity.swift in Sources */ = {isa = PBXBuildFile; fileRef = 5C95CB0B2590890D008B34BB /* Amenity.swift */; };
		5C95CB272590A8FC008B34BB /* Coordinator.swift in Sources */ = {isa = PBXBuildFile; fileRef = 5C95CB262590A8FC008B34BB /* Coordinator.swift */; };
		5C95CB2A2590A95F008B34BB /* Storyboarded.swift in Sources */ = {isa = PBXBuildFile; fileRef = 5C95CB292590A95F008B34BB /* Storyboarded.swift */; };
		5C95CB2D2590AA44008B34BB /* SpaceDetailViewController.swift in Sources */ = {isa = PBXBuildFile; fileRef = 5C95CB2C2590AA44008B34BB /* SpaceDetailViewController.swift */; };
		5C95CB302590AAFB008B34BB /* SearchCoordinator.swift in Sources */ = {isa = PBXBuildFile; fileRef = 5C95CB2F2590AAFB008B34BB /* SearchCoordinator.swift */; };
/* End PBXBuildFile section */

/* Begin PBXFileReference section */
		5C95CADA25906827008B34BB /* onDemand.app */ = {isa = PBXFileReference; explicitFileType = wrapper.application; includeInIndex = 0; path = onDemand.app; sourceTree = BUILT_PRODUCTS_DIR; };
		5C95CADD25906827008B34BB /* AppDelegate.swift */ = {isa = PBXFileReference; lastKnownFileType = sourcecode.swift; path = AppDelegate.swift; sourceTree = "<group>"; };
		5C95CADF25906827008B34BB /* SceneDelegate.swift */ = {isa = PBXFileReference; lastKnownFileType = sourcecode.swift; path = SceneDelegate.swift; sourceTree = "<group>"; };
		5C95CAE425906827008B34BB /* Base */ = {isa = PBXFileReference; lastKnownFileType = file.storyboard; name = Base; path = Base.lproj/Main.storyboard; sourceTree = "<group>"; };
		5C95CAE625906829008B34BB /* Assets.xcassets */ = {isa = PBXFileReference; lastKnownFileType = folder.assetcatalog; path = Assets.xcassets; sourceTree = "<group>"; };
		5C95CAE925906829008B34BB /* Base */ = {isa = PBXFileReference; lastKnownFileType = file.storyboard; name = Base; path = Base.lproj/LaunchScreen.storyboard; sourceTree = "<group>"; };
		5C95CAEB25906829008B34BB /* Info.plist */ = {isa = PBXFileReference; lastKnownFileType = text.plist.xml; path = Info.plist; sourceTree = "<group>"; };
		5C95CAF325906A81008B34BB /* ReservationsViewController.swift */ = {isa = PBXFileReference; lastKnownFileType = sourcecode.swift; path = ReservationsViewController.swift; sourceTree = "<group>"; };
		5C95CAF625906A90008B34BB /* AccountViewController.swift */ = {isa = PBXFileReference; lastKnownFileType = sourcecode.swift; path = AccountViewController.swift; sourceTree = "<group>"; };
		5C95CAF925906AA7008B34BB /* SearchViewController.swift */ = {isa = PBXFileReference; lastKnownFileType = sourcecode.swift; path = SearchViewController.swift; sourceTree = "<group>"; };
		5C95CAFE259074BA008B34BB /* Property.swift */ = {isa = PBXFileReference; lastKnownFileType = sourcecode.swift; path = Property.swift; sourceTree = "<group>"; };
		5C95CB01259077F5008B34BB /* PropertyCell.swift */ = {isa = PBXFileReference; lastKnownFileType = sourcecode.swift; path = PropertyCell.swift; sourceTree = "<group>"; };
		5C95CB0425908583008B34BB /* UIImageView+Load.swift */ = {isa = PBXFileReference; lastKnownFileType = sourcecode.swift; path = "UIImageView+Load.swift"; sourceTree = "<group>"; };
		5C95CB0B2590890D008B34BB /* Amenity.swift */ = {isa = PBXFileReference; lastKnownFileType = sourcecode.swift; path = Amenity.swift; sourceTree = "<group>"; };
		5C95CB262590A8FC008B34BB /* Coordinator.swift */ = {isa = PBXFileReference; lastKnownFileType = sourcecode.swift; path = Coordinator.swift; sourceTree = "<group>"; };
		5C95CB292590A95F008B34BB /* Storyboarded.swift */ = {isa = PBXFileReference; lastKnownFileType = sourcecode.swift; path = Storyboarded.swift; sourceTree = "<group>"; };
		5C95CB2C2590AA44008B34BB /* SpaceDetailViewController.swift */ = {isa = PBXFileReference; lastKnownFileType = sourcecode.swift; path = SpaceDetailViewController.swift; sourceTree = "<group>"; };
		5C95CB2F2590AAFB008B34BB /* SearchCoordinator.swift */ = {isa = PBXFileReference; lastKnownFileType = sourcecode.swift; path = SearchCoordinator.swift; sourceTree = "<group>"; };
/* End PBXFileReference section */

/* Begin PBXFrameworksBuildPhase section */
		5C95CAD725906827008B34BB /* Frameworks */ = {
			isa = PBXFrameworksBuildPhase;
			buildActionMask = 2147483647;
			files = (
			);
			runOnlyForDeploymentPostprocessing = 0;
		};
/* End PBXFrameworksBuildPhase section */

/* Begin PBXGroup section */
		5C95CAD125906827008B34BB = {
			isa = PBXGroup;
			children = (
				5C95CADC25906827008B34BB /* onDemand */,
				5C95CADB25906827008B34BB /* Products */,
			);
			sourceTree = "<group>";
		};
		5C95CADB25906827008B34BB /* Products */ = {
			isa = PBXGroup;
			children = (
				5C95CADA25906827008B34BB /* onDemand.app */,
			);
			name = Products;
			sourceTree = "<group>";
		};
		5C95CADC25906827008B34BB /* onDemand */ = {
			isa = PBXGroup;
			children = (
				5C95CB0E2590892A008B34BB /* System */,
				5C95CAE325906827008B34BB /* Main.storyboard */,
				5C95CB01259077F5008B34BB /* PropertyCell.swift */,
				5C95CB2F2590AAFB008B34BB /* SearchCoordinator.swift */,
				5C95CB352590BB5B008B34BB /* Protocols */,
				5C95CB0925908902008B34BB /* Models */,
				5C95CB07259088F9008B34BB /* Extensions */,
				5C95CAFC25906AAF008B34BB /* ViewControllers */,
				5C95CAE625906829008B34BB /* Assets.xcassets */,
				5C95CAE825906829008B34BB /* LaunchScreen.storyboard */,
				5C95CAEB25906829008B34BB /* Info.plist */,
			);
			path = onDemand;
			sourceTree = "<group>";
		};
		5C95CAFC25906AAF008B34BB /* ViewControllers */ = {
			isa = PBXGroup;
			children = (
				5C95CAF325906A81008B34BB /* ReservationsViewController.swift */,
				5C95CAF625906A90008B34BB /* AccountViewController.swift */,
				5C95CAF925906AA7008B34BB /* SearchViewController.swift */,
				5C95CB2C2590AA44008B34BB /* SpaceDetailViewController.swift */,
			);
			path = ViewControllers;
			sourceTree = "<group>";
		};
		5C95CB07259088F9008B34BB /* Extensions */ = {
			isa = PBXGroup;
			children = (
				5C95CB0425908583008B34BB /* UIImageView+Load.swift */,
			);
			path = Extensions;
			sourceTree = "<group>";
		};
		5C95CB0925908902008B34BB /* Models */ = {
			isa = PBXGroup;
			children = (
				5C95CAFE259074BA008B34BB /* Property.swift */,
				5C95CB0B2590890D008B34BB /* Amenity.swift */,
			);
			path = Models;
			sourceTree = "<group>";
		};
		5C95CB0E2590892A008B34BB /* System */ = {
			isa = PBXGroup;
			children = (
				5C95CADD25906827008B34BB /* AppDelegate.swift */,
				5C95CADF25906827008B34BB /* SceneDelegate.swift */,
			);
			path = System;
			sourceTree = "<group>";
		};
		5C95CB352590BB5B008B34BB /* Protocols */ = {
			isa = PBXGroup;
			children = (
				5C95CB262590A8FC008B34BB /* Coordinator.swift */,
				5C95CB292590A95F008B34BB /* Storyboarded.swift */,
			);
			path = Protocols;
			sourceTree = "<group>";
		};
/* End PBXGroup section */

/* Begin PBXNativeTarget section */
		5C95CAD925906827008B34BB /* onDemand */ = {
			isa = PBXNativeTarget;
			buildConfigurationList = 5C95CAEE25906829008B34BB /* Build configuration list for PBXNativeTarget "onDemand" */;
			buildPhases = (
				5C95CAD625906827008B34BB /* Sources */,
				5C95CAD725906827008B34BB /* Frameworks */,
				5C95CAD825906827008B34BB /* Resources */,
			);
			buildRules = (
			);
			dependencies = (
			);
			name = onDemand;
			productName = onDemand;
			productReference = 5C95CADA25906827008B34BB /* onDemand.app */;
			productType = "com.apple.product-type.application";
		};
/* End PBXNativeTarget section */

/* Begin PBXProject section */
		5C95CAD225906827008B34BB /* Project object */ = {
			isa = PBXProject;
			attributes = {
				LastSwiftUpdateCheck = 1230;
				LastUpgradeCheck = 1230;
				TargetAttributes = {
					5C95CAD925906827008B34BB = {
						CreatedOnToolsVersion = 12.3;
					};
				};
			};
			buildConfigurationList = 5C95CAD525906827008B34BB /* Build configuration list for PBXProject "onDemand" */;
			compatibilityVersion = "Xcode 9.3";
			developmentRegion = en;
			hasScannedForEncodings = 0;
			knownRegions = (
				en,
				Base,
			);
			mainGroup = 5C95CAD125906827008B34BB;
			productRefGroup = 5C95CADB25906827008B34BB /* Products */;
			projectDirPath = "";
			projectRoot = "";
			targets = (
				5C95CAD925906827008B34BB /* onDemand */,
			);
		};
/* End PBXProject section */

/* Begin PBXResourcesBuildPhase section */
		5C95CAD825906827008B34BB /* Resources */ = {
			isa = PBXResourcesBuildPhase;
			buildActionMask = 2147483647;
			files = (
				5C95CAEA25906829008B34BB /* LaunchScreen.storyboard in Resources */,
				5C95CAE725906829008B34BB /* Assets.xcassets in Resources */,
				5C95CAE525906827008B34BB /* Main.storyboard in Resources */,
			);
			runOnlyForDeploymentPostprocessing = 0;
		};
/* End PBXResourcesBuildPhase section */

/* Begin PBXSourcesBuildPhase section */
		5C95CAD625906827008B34BB /* Sources */ = {
			isa = PBXSourcesBuildPhase;
			buildActionMask = 2147483647;
			files = (
				5C95CB2D2590AA44008B34BB /* SpaceDetailViewController.swift in Sources */,
				5C95CB0525908583008B34BB /* UIImageView+Load.swift in Sources */,
				5C95CAFF259074BA008B34BB /* Property.swift in Sources */,
				5C95CB0C2590890D008B34BB /* Amenity.swift in Sources */,
				5C95CAFA25906AA7008B34BB /* SearchViewController.swift in Sources */,
				5C95CB302590AAFB008B34BB /* SearchCoordinator.swift in Sources */,
				5C95CADE25906827008B34BB /* AppDelegate.swift in Sources */,
				5C95CB272590A8FC008B34BB /* Coordinator.swift in Sources */,
				5C95CAE025906827008B34BB /* SceneDelegate.swift in Sources */,
				5C95CAF725906A90008B34BB /* AccountViewController.swift in Sources */,
				5C95CB02259077F5008B34BB /* PropertyCell.swift in Sources */,
				5C95CAF425906A81008B34BB /* ReservationsViewController.swift in Sources */,
				5C95CB2A2590A95F008B34BB /* Storyboarded.swift in Sources */,
			);
			runOnlyForDeploymentPostprocessing = 0;
		};
/* End PBXSourcesBuildPhase section */

/* Begin PBXVariantGroup section */
		5C95CAE325906827008B34BB /* Main.storyboard */ = {
			isa = PBXVariantGroup;
			children = (
				5C95CAE425906827008B34BB /* Base */,
			);
			name = Main.storyboard;
			sourceTree = "<group>";
		};
		5C95CAE825906829008B34BB /* LaunchScreen.storyboard */ = {
			isa = PBXVariantGroup;
			children = (
				5C95CAE925906829008B34BB /* Base */,
			);
			name = LaunchScreen.storyboard;
			sourceTree = "<group>";
		};
/* End PBXVariantGroup section */

/* Begin XCBuildConfiguration section */
		5C95CAEC25906829008B34BB /* Debug */ = {
			isa = XCBuildConfiguration;
			buildSettings = {
				ALWAYS_SEARCH_USER_PATHS = NO;
				CLANG_ANALYZER_NONNULL = YES;
				CLANG_ANALYZER_NUMBER_OBJECT_CONVERSION = YES_AGGRESSIVE;
				CLANG_CXX_LANGUAGE_STANDARD = "gnu++14";
				CLANG_CXX_LIBRARY = "libc++";
				CLANG_ENABLE_MODULES = YES;
				CLANG_ENABLE_OBJC_ARC = YES;
				CLANG_ENABLE_OBJC_WEAK = YES;
				CLANG_WARN_BLOCK_CAPTURE_AUTORELEASING = YES;
				CLANG_WARN_BOOL_CONVERSION = YES;
				CLANG_WARN_COMMA = YES;
				CLANG_WARN_CONSTANT_CONVERSION = YES;
				CLANG_WARN_DEPRECATED_OBJC_IMPLEMENTATIONS = YES;
				CLANG_WARN_DIRECT_OBJC_ISA_USAGE = YES_ERROR;
				CLANG_WARN_DOCUMENTATION_COMMENTS = YES;
				CLANG_WARN_EMPTY_BODY = YES;
				CLANG_WARN_ENUM_CONVERSION = YES;
				CLANG_WARN_INFINITE_RECURSION = YES;
				CLANG_WARN_INT_CONVERSION = YES;
				CLANG_WARN_NON_LITERAL_NULL_CONVERSION = YES;
				CLANG_WARN_OBJC_IMPLICIT_RETAIN_SELF = YES;
				CLANG_WARN_OBJC_LITERAL_CONVERSION = YES;
				CLANG_WARN_OBJC_ROOT_CLASS = YES_ERROR;
				CLANG_WARN_QUOTED_INCLUDE_IN_FRAMEWORK_HEADER = YES;
				CLANG_WARN_RANGE_LOOP_ANALYSIS = YES;
				CLANG_WARN_STRICT_PROTOTYPES = YES;
				CLANG_WARN_SUSPICIOUS_MOVE = YES;
				CLANG_WARN_UNGUARDED_AVAILABILITY = YES_AGGRESSIVE;
				CLANG_WARN_UNREACHABLE_CODE = YES;
				CLANG_WARN__DUPLICATE_METHOD_MATCH = YES;
				COPY_PHASE_STRIP = NO;
				DEBUG_INFORMATION_FORMAT = dwarf;
				ENABLE_STRICT_OBJC_MSGSEND = YES;
				ENABLE_TESTABILITY = YES;
				GCC_C_LANGUAGE_STANDARD = gnu11;
				GCC_DYNAMIC_NO_PIC = NO;
				GCC_NO_COMMON_BLOCKS = YES;
				GCC_OPTIMIZATION_LEVEL = 0;
				GCC_PREPROCESSOR_DEFINITIONS = (
					"DEBUG=1",
					"$(inherited)",
				);
				GCC_WARN_64_TO_32_BIT_CONVERSION = YES;
				GCC_WARN_ABOUT_RETURN_TYPE = YES_ERROR;
				GCC_WARN_UNDECLARED_SELECTOR = YES;
				GCC_WARN_UNINITIALIZED_AUTOS = YES_AGGRESSIVE;
				GCC_WARN_UNUSED_FUNCTION = YES;
				GCC_WARN_UNUSED_VARIABLE = YES;
				IPHONEOS_DEPLOYMENT_TARGET = 14.3;
				MTL_ENABLE_DEBUG_INFO = INCLUDE_SOURCE;
				MTL_FAST_MATH = YES;
				ONLY_ACTIVE_ARCH = YES;
				SDKROOT = iphoneos;
				SWIFT_ACTIVE_COMPILATION_CONDITIONS = DEBUG;
				SWIFT_OPTIMIZATION_LEVEL = "-Onone";
			};
			name = Debug;
		};
		5C95CAED25906829008B34BB /* Release */ = {
			isa = XCBuildConfiguration;
			buildSettings = {
				ALWAYS_SEARCH_USER_PATHS = NO;
				CLANG_ANALYZER_NONNULL = YES;
				CLANG_ANALYZER_NUMBER_OBJECT_CONVERSION = YES_AGGRESSIVE;
				CLANG_CXX_LANGUAGE_STANDARD = "gnu++14";
				CLANG_CXX_LIBRARY = "libc++";
				CLANG_ENABLE_MODULES = YES;
				CLANG_ENABLE_OBJC_ARC = YES;
				CLANG_ENABLE_OBJC_WEAK = YES;
				CLANG_WARN_BLOCK_CAPTURE_AUTORELEASING = YES;
				CLANG_WARN_BOOL_CONVERSION = YES;
				CLANG_WARN_COMMA = YES;
				CLANG_WARN_CONSTANT_CONVERSION = YES;
				CLANG_WARN_DEPRECATED_OBJC_IMPLEMENTATIONS = YES;
				CLANG_WARN_DIRECT_OBJC_ISA_USAGE = YES_ERROR;
				CLANG_WARN_DOCUMENTATION_COMMENTS = YES;
				CLANG_WARN_EMPTY_BODY = YES;
				CLANG_WARN_ENUM_CONVERSION = YES;
				CLANG_WARN_INFINITE_RECURSION = YES;
				CLANG_WARN_INT_CONVERSION = YES;
				CLANG_WARN_NON_LITERAL_NULL_CONVERSION = YES;
				CLANG_WARN_OBJC_IMPLICIT_RETAIN_SELF = YES;
				CLANG_WARN_OBJC_LITERAL_CONVERSION = YES;
				CLANG_WARN_OBJC_ROOT_CLASS = YES_ERROR;
				CLANG_WARN_QUOTED_INCLUDE_IN_FRAMEWORK_HEADER = YES;
				CLANG_WARN_RANGE_LOOP_ANALYSIS = YES;
				CLANG_WARN_STRICT_PROTOTYPES = YES;
				CLANG_WARN_SUSPICIOUS_MOVE = YES;
				CLANG_WARN_UNGUARDED_AVAILABILITY = YES_AGGRESSIVE;
				CLANG_WARN_UNREACHABLE_CODE = YES;
				CLANG_WARN__DUPLICATE_METHOD_MATCH = YES;
				COPY_PHASE_STRIP = NO;
				DEBUG_INFORMATION_FORMAT = "dwarf-with-dsym";
				ENABLE_NS_ASSERTIONS = NO;
				ENABLE_STRICT_OBJC_MSGSEND = YES;
				GCC_C_LANGUAGE_STANDARD = gnu11;
				GCC_NO_COMMON_BLOCKS = YES;
				GCC_WARN_64_TO_32_BIT_CONVERSION = YES;
				GCC_WARN_ABOUT_RETURN_TYPE = YES_ERROR;
				GCC_WARN_UNDECLARED_SELECTOR = YES;
				GCC_WARN_UNINITIALIZED_AUTOS = YES_AGGRESSIVE;
				GCC_WARN_UNUSED_FUNCTION = YES;
				GCC_WARN_UNUSED_VARIABLE = YES;
				IPHONEOS_DEPLOYMENT_TARGET = 14.3;
				MTL_ENABLE_DEBUG_INFO = NO;
				MTL_FAST_MATH = YES;
				SDKROOT = iphoneos;
				SWIFT_COMPILATION_MODE = wholemodule;
				SWIFT_OPTIMIZATION_LEVEL = "-O";
				VALIDATE_PRODUCT = YES;
			};
			name = Release;
		};
		5C95CAEF25906829008B34BB /* Debug */ = {
			isa = XCBuildConfiguration;
			buildSettings = {
				ASSETCATALOG_COMPILER_APPICON_NAME = AppIcon;
				ASSETCATALOG_COMPILER_GLOBAL_ACCENT_COLOR_NAME = AccentColor;
				CODE_SIGN_STYLE = Automatic;
				DEVELOPMENT_TEAM = Q7HVAVTGUP;
				INFOPLIST_FILE = onDemand/Info.plist;
				LD_RUNPATH_SEARCH_PATHS = (
					"$(inherited)",
					"@executable_path/Frameworks",
				);
				PRODUCT_BUNDLE_IDENTIFIER = m.onDemand;
				PRODUCT_NAME = "$(TARGET_NAME)";
				SWIFT_VERSION = 5.0;
				TARGETED_DEVICE_FAMILY = "1,2";
			};
			name = Debug;
		};
		5C95CAF025906829008B34BB /* Release */ = {
			isa = XCBuildConfiguration;
			buildSettings = {
				ASSETCATALOG_COMPILER_APPICON_NAME = AppIcon;
				ASSETCATALOG_COMPILER_GLOBAL_ACCENT_COLOR_NAME = AccentColor;
				CODE_SIGN_STYLE = Automatic;
				DEVELOPMENT_TEAM = Q7HVAVTGUP;
				INFOPLIST_FILE = onDemand/Info.plist;
				LD_RUNPATH_SEARCH_PATHS = (
					"$(inherited)",
					"@executable_path/Frameworks",
				);
				PRODUCT_BUNDLE_IDENTIFIER = m.onDemand;
				PRODUCT_NAME = "$(TARGET_NAME)";
				SWIFT_VERSION = 5.0;
				TARGETED_DEVICE_FAMILY = "1,2";
			};
			name = Release;
		};
/* End XCBuildConfiguration section */

/* Begin XCConfigurationList section */
		5C95CAD525906827008B34BB /* Build configuration list for PBXProject "onDemand" */ = {
			isa = XCConfigurationList;
			buildConfigurations = (
				5C95CAEC25906829008B34BB /* Debug */,
				5C95CAED25906829008B34BB /* Release */,
			);
			defaultConfigurationIsVisible = 0;
			defaultConfigurationName = Release;
		};
		5C95CAEE25906829008B34BB /* Build configuration list for PBXNativeTarget "onDemand" */ = {
			isa = XCConfigurationList;
			buildConfigurations = (
				5C95CAEF25906829008B34BB /* Debug */,
				5C95CAF025906829008B34BB /* Release */,
			);
			defaultConfigurationIsVisible = 0;
			defaultConfigurationName = Release;
		};
/* End XCConfigurationList section */
	};
	rootObject = 5C95CAD225906827008B34BB /* Project object */;
}
